
Microsoft Visual Studio Solution File, Format Version 12.00
# Visual Studio Version 16
VisualStudioVersion = 16.0.30011.22
MinimumVisualStudioVersion = 10.0.40219.1
Project("{9A19103F-16F7-4668-BE54-9A1E7A4F7556}") = "GradeBook", "src\GradeBook\GradeBook.csproj", "{B2B7E2E9-2442-4464-8403-D5CA47D0E6C8}"
EndProject
Global
	GlobalSection(SolutionConfigurationPlatforms) = preSolution
		Debug|Any CPU = Debug|Any CPU
		Release|Any CPU = Release|Any CPU
	EndGlobalSection
	GlobalSection(ProjectConfigurationPlatforms) = postSolution
		{B2B7E2E9-2442-4464-8403-D5CA47D0E6C8}.Debug|Any CPU.ActiveCfg = Debug|Any CPU
		{B2B7E2E9-2442-4464-8403-D5CA47D0E6C8}.Debug|Any CPU.Build.0 = Debug|Any CPU
		{B2B7E2E9-2442-4464-8403-D5CA47D0E6C8}.Release|Any CPU.ActiveCfg = Release|Any CPU
		{B2B7E2E9-2442-4464-8403-D5CA47D0E6C8}.Release|Any CPU.Build.0 = Release|Any CPU
	EndGlobalSection
	GlobalSection(SolutionProperties) = preSolution
		HideSolutionNode = FALSE
	EndGlobalSection
	GlobalSection(ExtensibilityGlobals) = postSolution
		SolutionGuid = {E301EFEA-2EBD-4D95-AF4D-680273E9B19D}
	EndGlobalSection
EndGlobal
